
Microsoft Visual Studio Solution File, Format Version 12.00
# Visual Studio 15
VisualStudioVersion = 15.0.27428.2005
MinimumVisualStudioVersion = 10.0.40219.1
Project("{FAE04EC0-301F-11D3-BF4B-00C04F79EFBC}") = "AnalyticsServer", "AnalyticsServer\AnalyticsServer.csproj", "{FEFDD88C-F5DC-4764-AC95-52A7DE905B55}"
EndProject
Global
	GlobalSection(SolutionConfigurationPlatforms) = preSolution
		Debug|Any CPU = Debug|Any CPU
		Release|Any CPU = Release|Any CPU
	EndGlobalSection
	GlobalSection(ProjectConfigurationPlatforms) = postSolution
		{FEFDD88C-F5DC-4764-AC95-52A7DE905B55}.Debug|Any CPU.ActiveCfg = Debug|Any CPU
		{FEFDD88C-F5DC-4764-AC95-52A7DE905B55}.Debug|Any CPU.Build.0 = Debug|Any CPU
		{FEFDD88C-F5DC-4764-AC95-52A7DE905B55}.Release|Any CPU.ActiveCfg = Release|Any CPU
		{FEFDD88C-F5DC-4764-AC95-52A7DE905B55}.Release|Any CPU.Build.0 = Release|Any CPU
	EndGlobalSection
	GlobalSection(SolutionProperties) = preSolution
		HideSolutionNode = FALSE
	EndGlobalSection
	GlobalSection(ExtensibilityGlobals) = postSolution
		SolutionGuid = {DCD90718-AAE3-4E25-9A60-F6FB42B35297}
	EndGlobalSection
EndGlobal
